
Microsoft Visual Studio Solution File, Format Version 12.00
# Visual Studio Version 17
VisualStudioVersion = 17.8.34330.188
MinimumVisualStudioVersion = 10.0.40219.1
Project("{FAE04EC0-301F-11D3-BF4B-00C04F79EFBC}") = "Web", "Web\Web.csproj", "{246FF6BD-EAF3-4615-BA1A-939226B502E3}"
EndProject
Project("{FAE04EC0-301F-11D3-BF4B-00C04F79EFBC}") = "Common", "Common\Common.csproj", "{37E685E6-9A19-4F59-B7DE-A60CE9B430B7}"
EndProject
Project("{FAE04EC0-301F-11D3-BF4B-00C04F79EFBC}") = "Storage", "Storage\Storage.csproj", "{B24985A5-96FB-4FE1-A3E8-33693879080F}"
EndProject
Project("{FAE04EC0-301F-11D3-BF4B-00C04F79EFBC}") = "BusinessLogic", "BusinessLogic\BusinessLogic.csproj", "{B2B99A94-ACAA-46D6-BAA7-422915919ACB}"
EndProject
Global
	GlobalSection(SolutionConfigurationPlatforms) = preSolution
		Debug|Any CPU = Debug|Any CPU
		Release|Any CPU = Release|Any CPU
	EndGlobalSection
	GlobalSection(ProjectConfigurationPlatforms) = postSolution
		{246FF6BD-EAF3-4615-BA1A-939226B502E3}.Debug|Any CPU.ActiveCfg = Debug|Any CPU
		{246FF6BD-EAF3-4615-BA1A-939226B502E3}.Debug|Any CPU.Build.0 = Debug|Any CPU
		{246FF6BD-EAF3-4615-BA1A-939226B502E3}.Release|Any CPU.ActiveCfg = Release|Any CPU
		{246FF6BD-EAF3-4615-BA1A-939226B502E3}.Release|Any CPU.Build.0 = Release|Any CPU
		{37E685E6-9A19-4F59-B7DE-A60CE9B430B7}.Debug|Any CPU.ActiveCfg = Debug|Any CPU
		{37E685E6-9A19-4F59-B7DE-A60CE9B430B7}.Debug|Any CPU.Build.0 = Debug|Any CPU
		{37E685E6-9A19-4F59-B7DE-A60CE9B430B7}.Release|Any CPU.ActiveCfg = Release|Any CPU
		{37E685E6-9A19-4F59-B7DE-A60CE9B430B7}.Release|Any CPU.Build.0 = Release|Any CPU
		{B24985A5-96FB-4FE1-A3E8-33693879080F}.Debug|Any CPU.ActiveCfg = Debug|Any CPU
		{B24985A5-96FB-4FE1-A3E8-33693879080F}.Debug|Any CPU.Build.0 = Debug|Any CPU
		{B24985A5-96FB-4FE1-A3E8-33693879080F}.Release|Any CPU.ActiveCfg = Release|Any CPU
		{B24985A5-96FB-4FE1-A3E8-33693879080F}.Release|Any CPU.Build.0 = Release|Any CPU
		{B2B99A94-ACAA-46D6-BAA7-422915919ACB}.Debug|Any CPU.ActiveCfg = Debug|Any CPU
		{B2B99A94-ACAA-46D6-BAA7-422915919ACB}.Debug|Any CPU.Build.0 = Debug|Any CPU
		{B2B99A94-ACAA-46D6-BAA7-422915919ACB}.Release|Any CPU.ActiveCfg = Release|Any CPU
		{B2B99A94-ACAA-46D6-BAA7-422915919ACB}.Release|Any CPU.Build.0 = Release|Any CPU
	EndGlobalSection
	GlobalSection(SolutionProperties) = preSolution
		HideSolutionNode = FALSE
	EndGlobalSection
	GlobalSection(ExtensibilityGlobals) = postSolution
		SolutionGuid = {B3607FD4-D1E3-444D-9306-9B148B706D54}
	EndGlobalSection
EndGlobal
